
Microsoft Visual Studio Solution File, Format Version 12.00
# Visual Studio Version 16
VisualStudioVersion = 16.0.31402.337
MinimumVisualStudioVersion = 10.0.40219.1
Project("{FAE04EC0-301F-11D3-BF4B-00C04F79EFBC}") = "TodoApi", "TodoApi.csproj", "{14AD720F-E0CA-4057-A8E6-53A5449E89BD}"
EndProject
Global
	GlobalSection(SolutionConfigurationPlatforms) = preSolution
		Debug|Any CPU = Debug|Any CPU
		Release|Any CPU = Release|Any CPU
	EndGlobalSection
	GlobalSection(ProjectConfigurationPlatforms) = postSolution
		{14AD720F-E0CA-4057-A8E6-53A5449E89BD}.Debug|Any CPU.ActiveCfg = Debug|Any CPU
		{14AD720F-E0CA-4057-A8E6-53A5449E89BD}.Debug|Any CPU.Build.0 = Debug|Any CPU
		{14AD720F-E0CA-4057-A8E6-53A5449E89BD}.Release|Any CPU.ActiveCfg = Release|Any CPU
		{14AD720F-E0CA-4057-A8E6-53A5449E89BD}.Release|Any CPU.Build.0 = Release|Any CPU
	EndGlobalSection
	GlobalSection(SolutionProperties) = preSolution
		HideSolutionNode = FALSE
	EndGlobalSection
	GlobalSection(ExtensibilityGlobals) = postSolution
		SolutionGuid = {334B46ED-6B34-456C-B32E-632274F9C0ED}
	EndGlobalSection
EndGlobal
